// !$*UTF8*$!
{
	archiveVersion = 1;
	classes = {
	};
	objectVersion = 50;
	objects = {

/* Begin PBXBuildFile section */
		406B00A32286021400B93924 /* AppDelegate.swift in Sources */ = {isa = PBXBuildFile; fileRef = 406B00A22286021400B93924 /* AppDelegate.swift */; };
		406B00A82286021400B93924 /* Main.storyboard in Resources */ = {isa = PBXBuildFile; fileRef = 406B00A62286021400B93924 /* Main.storyboard */; };
		406B00AA2286021500B93924 /* Assets.xcassets in Resources */ = {isa = PBXBuildFile; fileRef = 406B00A92286021500B93924 /* Assets.xcassets */; };
		406B00AD2286021500B93924 /* LaunchScreen.storyboard in Resources */ = {isa = PBXBuildFile; fileRef = 406B00AB2286021500B93924 /* LaunchScreen.storyboard */; };
		406B00B82286021500B93924 /* Swix_TodoTests.swift in Sources */ = {isa = PBXBuildFile; fileRef = 406B00B72286021500B93924 /* Swix_TodoTests.swift */; };
		406B00C72286042F00B93924 /* TodosTableViewController.swift in Sources */ = {isa = PBXBuildFile; fileRef = 406B00C62286042F00B93924 /* TodosTableViewController.swift */; };
		406B00C92286090100B93924 /* CellDequeue.swift in Sources */ = {isa = PBXBuildFile; fileRef = 406B00C82286090100B93924 /* CellDequeue.swift */; };
		406B00CF22860CE200B93924 /* NewTodoViewController.swift in Sources */ = {isa = PBXBuildFile; fileRef = 406B00CE22860CE200B93924 /* NewTodoViewController.swift */; };
		406B00D122860D1000B93924 /* NewTodoDelegate.swift in Sources */ = {isa = PBXBuildFile; fileRef = 406B00D022860D1000B93924 /* NewTodoDelegate.swift */; };
		406B00D422860D6800B93924 /* Todo.swift in Sources */ = {isa = PBXBuildFile; fileRef = 406B00D322860D6800B93924 /* Todo.swift */; };
		406B00D6228614C800B93924 /* TodoCellFactory.swift in Sources */ = {isa = PBXBuildFile; fileRef = 406B00D5228614C800B93924 /* TodoCellFactory.swift */; };
		40C5C91922874D8C008002EF /* Store.swift in Sources */ = {isa = PBXBuildFile; fileRef = 40C5C91822874D8C008002EF /* Store.swift */; };
		40C5C91B22874F45008002EF /* TodoState.swift in Sources */ = {isa = PBXBuildFile; fileRef = 40C5C91A22874F45008002EF /* TodoState.swift */; };
		40C5C91F22875005008002EF /* Dispatcher.swift in Sources */ = {isa = PBXBuildFile; fileRef = 40C5C91E22875005008002EF /* Dispatcher.swift */; };
		40C5C92322876680008002EF /* TodoAction.swift in Sources */ = {isa = PBXBuildFile; fileRef = 40C5C92222876680008002EF /* TodoAction.swift */; };
/* End PBXBuildFile section */

/* Begin PBXContainerItemProxy section */
		406B00B42286021500B93924 /* PBXContainerItemProxy */ = {
			isa = PBXContainerItemProxy;
			containerPortal = 406B00972286021400B93924 /* Project object */;
			proxyType = 1;
			remoteGlobalIDString = 406B009E2286021400B93924;
			remoteInfo = "Swix-Todo";
		};
/* End PBXContainerItemProxy section */

/* Begin PBXFileReference section */
		406B009F2286021400B93924 /* Swix-Todo.app */ = {isa = PBXFileReference; explicitFileType = wrapper.application; includeInIndex = 0; path = "Swix-Todo.app"; sourceTree = BUILT_PRODUCTS_DIR; };
		406B00A22286021400B93924 /* AppDelegate.swift */ = {isa = PBXFileReference; lastKnownFileType = sourcecode.swift; path = AppDelegate.swift; sourceTree = "<group>"; };
		406B00A72286021400B93924 /* Base */ = {isa = PBXFileReference; lastKnownFileType = file.storyboard; name = Base; path = Base.lproj/Main.storyboard; sourceTree = "<group>"; };
		406B00A92286021500B93924 /* Assets.xcassets */ = {isa = PBXFileReference; lastKnownFileType = folder.assetcatalog; path = Assets.xcassets; sourceTree = "<group>"; };
		406B00AC2286021500B93924 /* Base */ = {isa = PBXFileReference; lastKnownFileType = file.storyboard; name = Base; path = Base.lproj/LaunchScreen.storyboard; sourceTree = "<group>"; };
		406B00AE2286021500B93924 /* Info.plist */ = {isa = PBXFileReference; lastKnownFileType = text.plist.xml; path = Info.plist; sourceTree = "<group>"; };
		406B00B32286021500B93924 /* Swix-TodoTests.xctest */ = {isa = PBXFileReference; explicitFileType = wrapper.cfbundle; includeInIndex = 0; path = "Swix-TodoTests.xctest"; sourceTree = BUILT_PRODUCTS_DIR; };
		406B00B72286021500B93924 /* Swix_TodoTests.swift */ = {isa = PBXFileReference; lastKnownFileType = sourcecode.swift; path = Swix_TodoTests.swift; sourceTree = "<group>"; };
		406B00B92286021500B93924 /* Info.plist */ = {isa = PBXFileReference; lastKnownFileType = text.plist.xml; path = Info.plist; sourceTree = "<group>"; };
		406B00C62286042F00B93924 /* TodosTableViewController.swift */ = {isa = PBXFileReference; lastKnownFileType = sourcecode.swift; path = TodosTableViewController.swift; sourceTree = "<group>"; };
		406B00C82286090100B93924 /* CellDequeue.swift */ = {isa = PBXFileReference; lastKnownFileType = sourcecode.swift; path = CellDequeue.swift; sourceTree = "<group>"; };
		406B00CE22860CE200B93924 /* NewTodoViewController.swift */ = {isa = PBXFileReference; lastKnownFileType = sourcecode.swift; path = NewTodoViewController.swift; sourceTree = "<group>"; };
		406B00D022860D1000B93924 /* NewTodoDelegate.swift */ = {isa = PBXFileReference; lastKnownFileType = sourcecode.swift; path = NewTodoDelegate.swift; sourceTree = "<group>"; };
		406B00D322860D6800B93924 /* Todo.swift */ = {isa = PBXFileReference; lastKnownFileType = sourcecode.swift; path = Todo.swift; sourceTree = "<group>"; };
		406B00D5228614C800B93924 /* TodoCellFactory.swift */ = {isa = PBXFileReference; lastKnownFileType = sourcecode.swift; path = TodoCellFactory.swift; sourceTree = "<group>"; };
		40C5C91822874D8C008002EF /* Store.swift */ = {isa = PBXFileReference; lastKnownFileType = sourcecode.swift; path = Store.swift; sourceTree = "<group>"; };
		40C5C91A22874F45008002EF /* TodoState.swift */ = {isa = PBXFileReference; lastKnownFileType = sourcecode.swift; path = TodoState.swift; sourceTree = "<group>"; };
		40C5C91E22875005008002EF /* Dispatcher.swift */ = {isa = PBXFileReference; lastKnownFileType = sourcecode.swift; path = Dispatcher.swift; sourceTree = "<group>"; };
		40C5C92222876680008002EF /* TodoAction.swift */ = {isa = PBXFileReference; lastKnownFileType = sourcecode.swift; path = TodoAction.swift; sourceTree = "<group>"; };
/* End PBXFileReference section */

/* Begin PBXFrameworksBuildPhase section */
		406B009C2286021400B93924 /* Frameworks */ = {
			isa = PBXFrameworksBuildPhase;
			buildActionMask = 2147483647;
			files = (
			);
			runOnlyForDeploymentPostprocessing = 0;
		};
		406B00B02286021500B93924 /* Frameworks */ = {
			isa = PBXFrameworksBuildPhase;
			buildActionMask = 2147483647;
			files = (
			);
			runOnlyForDeploymentPostprocessing = 0;
		};
/* End PBXFrameworksBuildPhase section */

/* Begin PBXGroup section */
		406B00962286021400B93924 = {
			isa = PBXGroup;
			children = (
				406B00A12286021400B93924 /* Swix-Todo */,
				406B00B62286021500B93924 /* Swix-TodoTests */,
				406B00A02286021400B93924 /* Products */,
			);
			sourceTree = "<group>";
		};
		406B00A02286021400B93924 /* Products */ = {
			isa = PBXGroup;
			children = (
				406B009F2286021400B93924 /* Swix-Todo.app */,
				406B00B32286021500B93924 /* Swix-TodoTests.xctest */,
			);
			name = Products;
			sourceTree = "<group>";
		};
		406B00A12286021400B93924 /* Swix-Todo */ = {
			isa = PBXGroup;
			children = (
				406B00C42286024200B93924 /* Resources */,
				406B00C32286023800B93924 /* Sources */,
			);
			path = "Swix-Todo";
			sourceTree = "<group>";
		};
		406B00B62286021500B93924 /* Swix-TodoTests */ = {
			isa = PBXGroup;
			children = (
				406B00B72286021500B93924 /* Swix_TodoTests.swift */,
				406B00B92286021500B93924 /* Info.plist */,
			);
			path = "Swix-TodoTests";
			sourceTree = "<group>";
		};
		406B00C22286022300B93924 /* Storyboards */ = {
			isa = PBXGroup;
			children = (
				406B00AB2286021500B93924 /* LaunchScreen.storyboard */,
				406B00A62286021400B93924 /* Main.storyboard */,
			);
			path = Storyboards;
			sourceTree = "<group>";
		};
		406B00C32286023800B93924 /* Sources */ = {
			isa = PBXGroup;
			children = (
				406B00A22286021400B93924 /* AppDelegate.swift */,
				40C5C92122876670008002EF /* Actions */,
				406B00CB22860BA000B93924 /* Extensions */,
				406B00CC22860BA700B93924 /* Features */,
				406B00D222860D5E00B93924 /* Models */,
				40C5C9202287665E008002EF /* State */,
				40889AD122862C9C0078C903 /* Swix */,
			);
			path = Sources;
			sourceTree = "<group>";
		};
		406B00C42286024200B93924 /* Resources */ = {
			isa = PBXGroup;
			children = (
				406B00C22286022300B93924 /* Storyboards */,
				406B00A92286021500B93924 /* Assets.xcassets */,
				406B00AE2286021500B93924 /* Info.plist */,
			);
			path = Resources;
			sourceTree = "<group>";
		};
		406B00C5228603FF00B93924 /* TodosList */ = {
			isa = PBXGroup;
			children = (
				406B00C62286042F00B93924 /* TodosTableViewController.swift */,
				406B00D5228614C800B93924 /* TodoCellFactory.swift */,
			);
			path = TodosList;
			sourceTree = "<group>";
		};
		406B00CA22860B8D00B93924 /* UITableView */ = {
			isa = PBXGroup;
			children = (
				406B00C82286090100B93924 /* CellDequeue.swift */,
			);
			path = UITableView;
			sourceTree = "<group>";
		};
		406B00CB22860BA000B93924 /* Extensions */ = {
			isa = PBXGroup;
			children = (
				406B00CA22860B8D00B93924 /* UITableView */,
			);
			path = Extensions;
			sourceTree = "<group>";
		};
		406B00CC22860BA700B93924 /* Features */ = {
			isa = PBXGroup;
			children = (
				406B00C5228603FF00B93924 /* TodosList */,
				406B00CD22860CC000B93924 /* NewTodo */,
			);
			path = Features;
			sourceTree = "<group>";
		};
		406B00CD22860CC000B93924 /* NewTodo */ = {
			isa = PBXGroup;
			children = (
				406B00CE22860CE200B93924 /* NewTodoViewController.swift */,
				406B00D022860D1000B93924 /* NewTodoDelegate.swift */,
			);
			path = NewTodo;
			sourceTree = "<group>";
		};
		406B00D222860D5E00B93924 /* Models */ = {
			isa = PBXGroup;
			children = (
				406B00D322860D6800B93924 /* Todo.swift */,
			);
			path = Models;
			sourceTree = "<group>";
		};
		40889AD122862C9C0078C903 /* Swix */ = {
			isa = PBXGroup;
			children = (
				40C5C91822874D8C008002EF /* Store.swift */,
				40C5C91E22875005008002EF /* Dispatcher.swift */,
			);
			path = Swix;
			sourceTree = "<group>";
		};
		40C5C9202287665E008002EF /* State */ = {
			isa = PBXGroup;
			children = (
				40C5C91A22874F45008002EF /* TodoState.swift */,
			);
			path = State;
			sourceTree = "<group>";
		};
		40C5C92122876670008002EF /* Actions */ = {
			isa = PBXGroup;
			children = (
				40C5C92222876680008002EF /* TodoAction.swift */,
			);
			path = Actions;
			sourceTree = "<group>";
		};
/* End PBXGroup section */

/* Begin PBXNativeTarget section */
		406B009E2286021400B93924 /* Swix-Todo */ = {
			isa = PBXNativeTarget;
			buildConfigurationList = 406B00BC2286021500B93924 /* Build configuration list for PBXNativeTarget "Swix-Todo" */;
			buildPhases = (
				406B009B2286021400B93924 /* Sources */,
				406B009C2286021400B93924 /* Frameworks */,
				406B009D2286021400B93924 /* Resources */,
			);
			buildRules = (
			);
			dependencies = (
			);
			name = "Swix-Todo";
			productName = "Swix-Todo";
			productReference = 406B009F2286021400B93924 /* Swix-Todo.app */;
			productType = "com.apple.product-type.application";
		};
		406B00B22286021500B93924 /* Swix-TodoTests */ = {
			isa = PBXNativeTarget;
			buildConfigurationList = 406B00BF2286021500B93924 /* Build configuration list for PBXNativeTarget "Swix-TodoTests" */;
			buildPhases = (
				406B00AF2286021500B93924 /* Sources */,
				406B00B02286021500B93924 /* Frameworks */,
				406B00B12286021500B93924 /* Resources */,
			);
			buildRules = (
			);
			dependencies = (
				406B00B52286021500B93924 /* PBXTargetDependency */,
			);
			name = "Swix-TodoTests";
			productName = "Swix-TodoTests";
			productReference = 406B00B32286021500B93924 /* Swix-TodoTests.xctest */;
			productType = "com.apple.product-type.bundle.unit-test";
		};
/* End PBXNativeTarget section */

/* Begin PBXProject section */
		406B00972286021400B93924 /* Project object */ = {
			isa = PBXProject;
			attributes = {
				LastSwiftUpdateCheck = 1020;
				LastUpgradeCheck = 1020;
				ORGANIZATIONNAME = "Francesco Chiusolo";
				TargetAttributes = {
					406B009E2286021400B93924 = {
						CreatedOnToolsVersion = 10.2.1;
					};
					406B00B22286021500B93924 = {
						CreatedOnToolsVersion = 10.2.1;
						TestTargetID = 406B009E2286021400B93924;
					};
				};
			};
			buildConfigurationList = 406B009A2286021400B93924 /* Build configuration list for PBXProject "Swix-Todo" */;
			compatibilityVersion = "Xcode 9.3";
			developmentRegion = en;
			hasScannedForEncodings = 0;
			knownRegions = (
				en,
				Base,
			);
			mainGroup = 406B00962286021400B93924;
			productRefGroup = 406B00A02286021400B93924 /* Products */;
			projectDirPath = "";
			projectRoot = "";
			targets = (
				406B009E2286021400B93924 /* Swix-Todo */,
				406B00B22286021500B93924 /* Swix-TodoTests */,
			);
		};
/* End PBXProject section */

/* Begin PBXResourcesBuildPhase section */
		406B009D2286021400B93924 /* Resources */ = {
			isa = PBXResourcesBuildPhase;
			buildActionMask = 2147483647;
			files = (
				406B00AD2286021500B93924 /* LaunchScreen.storyboard in Resources */,
				406B00AA2286021500B93924 /* Assets.xcassets in Resources */,
				406B00A82286021400B93924 /* Main.storyboard in Resources */,
			);
			runOnlyForDeploymentPostprocessing = 0;
		};
		406B00B12286021500B93924 /* Resources */ = {
			isa = PBXResourcesBuildPhase;
			buildActionMask = 2147483647;
			files = (
			);
			runOnlyForDeploymentPostprocessing = 0;
		};
/* End PBXResourcesBuildPhase section */

/* Begin PBXSourcesBuildPhase section */
		406B009B2286021400B93924 /* Sources */ = {
			isa = PBXSourcesBuildPhase;
			buildActionMask = 2147483647;
			files = (
				406B00C92286090100B93924 /* CellDequeue.swift in Sources */,
				40C5C91B22874F45008002EF /* TodoState.swift in Sources */,
				406B00D422860D6800B93924 /* Todo.swift in Sources */,
				406B00D6228614C800B93924 /* TodoCellFactory.swift in Sources */,
				40C5C91922874D8C008002EF /* Store.swift in Sources */,
				406B00D122860D1000B93924 /* NewTodoDelegate.swift in Sources */,
				406B00CF22860CE200B93924 /* NewTodoViewController.swift in Sources */,
				40C5C92322876680008002EF /* TodoAction.swift in Sources */,
				40C5C91F22875005008002EF /* Dispatcher.swift in Sources */,
				406B00A32286021400B93924 /* AppDelegate.swift in Sources */,
				406B00C72286042F00B93924 /* TodosTableViewController.swift in Sources */,
			);
			runOnlyForDeploymentPostprocessing = 0;
		};
		406B00AF2286021500B93924 /* Sources */ = {
			isa = PBXSourcesBuildPhase;
			buildActionMask = 2147483647;
			files = (
				406B00B82286021500B93924 /* Swix_TodoTests.swift in Sources */,
			);
			runOnlyForDeploymentPostprocessing = 0;
		};
/* End PBXSourcesBuildPhase section */

/* Begin PBXTargetDependency section */
		406B00B52286021500B93924 /* PBXTargetDependency */ = {
			isa = PBXTargetDependency;
			target = 406B009E2286021400B93924 /* Swix-Todo */;
			targetProxy = 406B00B42286021500B93924 /* PBXContainerItemProxy */;
		};
/* End PBXTargetDependency section */

/* Begin PBXVariantGroup section */
		406B00A62286021400B93924 /* Main.storyboard */ = {
			isa = PBXVariantGroup;
			children = (
				406B00A72286021400B93924 /* Base */,
			);
			name = Main.storyboard;
			sourceTree = "<group>";
		};
		406B00AB2286021500B93924 /* LaunchScreen.storyboard */ = {
			isa = PBXVariantGroup;
			children = (
				406B00AC2286021500B93924 /* Base */,
			);
			name = LaunchScreen.storyboard;
			sourceTree = "<group>";
		};
/* End PBXVariantGroup section */

/* Begin XCBuildConfiguration section */
		406B00BA2286021500B93924 /* Debug */ = {
			isa = XCBuildConfiguration;
			buildSettings = {
				ALWAYS_SEARCH_USER_PATHS = NO;
				CLANG_ANALYZER_NONNULL = YES;
				CLANG_ANALYZER_NUMBER_OBJECT_CONVERSION = YES_AGGRESSIVE;
				CLANG_CXX_LANGUAGE_STANDARD = "gnu++14";
				CLANG_CXX_LIBRARY = "libc++";
				CLANG_ENABLE_MODULES = YES;
				CLANG_ENABLE_OBJC_ARC = YES;
				CLANG_ENABLE_OBJC_WEAK = YES;
				CLANG_WARN_BLOCK_CAPTURE_AUTORELEASING = YES;
				CLANG_WARN_BOOL_CONVERSION = YES;
				CLANG_WARN_COMMA = YES;
				CLANG_WARN_CONSTANT_CONVERSION = YES;
				CLANG_WARN_DEPRECATED_OBJC_IMPLEMENTATIONS = YES;
				CLANG_WARN_DIRECT_OBJC_ISA_USAGE = YES_ERROR;
				CLANG_WARN_DOCUMENTATION_COMMENTS = YES;
				CLANG_WARN_EMPTY_BODY = YES;
				CLANG_WARN_ENUM_CONVERSION = YES;
				CLANG_WARN_INFINITE_RECURSION = YES;
				CLANG_WARN_INT_CONVERSION = YES;
				CLANG_WARN_NON_LITERAL_NULL_CONVERSION = YES;
				CLANG_WARN_OBJC_IMPLICIT_RETAIN_SELF = YES;
				CLANG_WARN_OBJC_LITERAL_CONVERSION = YES;
				CLANG_WARN_OBJC_ROOT_CLASS = YES_ERROR;
				CLANG_WARN_RANGE_LOOP_ANALYSIS = YES;
				CLANG_WARN_STRICT_PROTOTYPES = YES;
				CLANG_WARN_SUSPICIOUS_MOVE = YES;
				CLANG_WARN_UNGUARDED_AVAILABILITY = YES_AGGRESSIVE;
				CLANG_WARN_UNREACHABLE_CODE = YES;
				CLANG_WARN__DUPLICATE_METHOD_MATCH = YES;
				CODE_SIGN_IDENTITY = "iPhone Developer";
				COPY_PHASE_STRIP = NO;
				DEBUG_INFORMATION_FORMAT = dwarf;
				ENABLE_STRICT_OBJC_MSGSEND = YES;
				ENABLE_TESTABILITY = YES;
				GCC_C_LANGUAGE_STANDARD = gnu11;
				GCC_DYNAMIC_NO_PIC = NO;
				GCC_NO_COMMON_BLOCKS = YES;
				GCC_OPTIMIZATION_LEVEL = 0;
				GCC_PREPROCESSOR_DEFINITIONS = (
					"DEBUG=1",
					"$(inherited)",
				);
				GCC_WARN_64_TO_32_BIT_CONVERSION = YES;
				GCC_WARN_ABOUT_RETURN_TYPE = YES_ERROR;
				GCC_WARN_UNDECLARED_SELECTOR = YES;
				GCC_WARN_UNINITIALIZED_AUTOS = YES_AGGRESSIVE;
				GCC_WARN_UNUSED_FUNCTION = YES;
				GCC_WARN_UNUSED_VARIABLE = YES;
				IPHONEOS_DEPLOYMENT_TARGET = 12.2;
				MTL_ENABLE_DEBUG_INFO = INCLUDE_SOURCE;
				MTL_FAST_MATH = YES;
				ONLY_ACTIVE_ARCH = YES;
				SDKROOT = iphoneos;
				SWIFT_ACTIVE_COMPILATION_CONDITIONS = DEBUG;
				SWIFT_OPTIMIZATION_LEVEL = "-Onone";
			};
			name = Debug;
		};
		406B00BB2286021500B93924 /* Release */ = {
			isa = XCBuildConfiguration;
			buildSettings = {
				ALWAYS_SEARCH_USER_PATHS = NO;
				CLANG_ANALYZER_NONNULL = YES;
				CLANG_ANALYZER_NUMBER_OBJECT_CONVERSION = YES_AGGRESSIVE;
				CLANG_CXX_LANGUAGE_STANDARD = "gnu++14";
				CLANG_CXX_LIBRARY = "libc++";
				CLANG_ENABLE_MODULES = YES;
				CLANG_ENABLE_OBJC_ARC = YES;
				CLANG_ENABLE_OBJC_WEAK = YES;
				CLANG_WARN_BLOCK_CAPTURE_AUTORELEASING = YES;
				CLANG_WARN_BOOL_CONVERSION = YES;
				CLANG_WARN_COMMA = YES;
				CLANG_WARN_CONSTANT_CONVERSION = YES;
				CLANG_WARN_DEPRECATED_OBJC_IMPLEMENTATIONS = YES;
				CLANG_WARN_DIRECT_OBJC_ISA_USAGE = YES_ERROR;
				CLANG_WARN_DOCUMENTATION_COMMENTS = YES;
				CLANG_WARN_EMPTY_BODY = YES;
				CLANG_WARN_ENUM_CONVERSION = YES;
				CLANG_WARN_INFINITE_RECURSION = YES;
				CLANG_WARN_INT_CONVERSION = YES;
				CLANG_WARN_NON_LITERAL_NULL_CONVERSION = YES;
				CLANG_WARN_OBJC_IMPLICIT_RETAIN_SELF = YES;
				CLANG_WARN_OBJC_LITERAL_CONVERSION = YES;
				CLANG_WARN_OBJC_ROOT_CLASS = YES_ERROR;
				CLANG_WARN_RANGE_LOOP_ANALYSIS = YES;
				CLANG_WARN_STRICT_PROTOTYPES = YES;
				CLANG_WARN_SUSPICIOUS_MOVE = YES;
				CLANG_WARN_UNGUARDED_AVAILABILITY = YES_AGGRESSIVE;
				CLANG_WARN_UNREACHABLE_CODE = YES;
				CLANG_WARN__DUPLICATE_METHOD_MATCH = YES;
				CODE_SIGN_IDENTITY = "iPhone Developer";
				COPY_PHASE_STRIP = NO;
				DEBUG_INFORMATION_FORMAT = "dwarf-with-dsym";
				ENABLE_NS_ASSERTIONS = NO;
				ENABLE_STRICT_OBJC_MSGSEND = YES;
				GCC_C_LANGUAGE_STANDARD = gnu11;
				GCC_NO_COMMON_BLOCKS = YES;
				GCC_WARN_64_TO_32_BIT_CONVERSION = YES;
				GCC_WARN_ABOUT_RETURN_TYPE = YES_ERROR;
				GCC_WARN_UNDECLARED_SELECTOR = YES;
				GCC_WARN_UNINITIALIZED_AUTOS = YES_AGGRESSIVE;
				GCC_WARN_UNUSED_FUNCTION = YES;
				GCC_WARN_UNUSED_VARIABLE = YES;
				IPHONEOS_DEPLOYMENT_TARGET = 12.2;
				MTL_ENABLE_DEBUG_INFO = NO;
				MTL_FAST_MATH = YES;
				SDKROOT = iphoneos;
				SWIFT_COMPILATION_MODE = wholemodule;
				SWIFT_OPTIMIZATION_LEVEL = "-O";
				VALIDATE_PRODUCT = YES;
			};
			name = Release;
		};
		406B00BD2286021500B93924 /* Debug */ = {
			isa = XCBuildConfiguration;
			buildSettings = {
				ASSETCATALOG_COMPILER_APPICON_NAME = AppIcon;
				CODE_SIGN_STYLE = Automatic;
				DEVELOPMENT_TEAM = 4MPX898GZF;
				INFOPLIST_FILE = "$(SRCROOT)/Swix-Todo/Resources/Info.plist";
				LD_RUNPATH_SEARCH_PATHS = (
					"$(inherited)",
					"@executable_path/Frameworks",
				);
				PRODUCT_BUNDLE_IDENTIFIER = "com.francescochiusolo.Swix-Todo";
				PRODUCT_NAME = "$(TARGET_NAME)";
				SWIFT_VERSION = 5.0;
				TARGETED_DEVICE_FAMILY = "1,2";
			};
			name = Debug;
		};
		406B00BE2286021500B93924 /* Release */ = {
			isa = XCBuildConfiguration;
			buildSettings = {
				ASSETCATALOG_COMPILER_APPICON_NAME = AppIcon;
				CODE_SIGN_STYLE = Automatic;
				DEVELOPMENT_TEAM = 4MPX898GZF;
				INFOPLIST_FILE = "$(SRCROOT)/Swix-Todo/Resources/Info.plist";
				LD_RUNPATH_SEARCH_PATHS = (
					"$(inherited)",
					"@executable_path/Frameworks",
				);
				PRODUCT_BUNDLE_IDENTIFIER = "com.francescochiusolo.Swix-Todo";
				PRODUCT_NAME = "$(TARGET_NAME)";
				SWIFT_VERSION = 5.0;
				TARGETED_DEVICE_FAMILY = "1,2";
			};
			name = Release;
		};
		406B00C02286021500B93924 /* Debug */ = {
			isa = XCBuildConfiguration;
			buildSettings = {
				ALWAYS_EMBED_SWIFT_STANDARD_LIBRARIES = YES;
				BUNDLE_LOADER = "$(TEST_HOST)";
				CODE_SIGN_STYLE = Automatic;
				DEVELOPMENT_TEAM = 4MPX898GZF;
				INFOPLIST_FILE = "Swix-TodoTests/Info.plist";
				LD_RUNPATH_SEARCH_PATHS = (
					"$(inherited)",
					"@executable_path/Frameworks",
					"@loader_path/Frameworks",
				);
				PRODUCT_BUNDLE_IDENTIFIER = "com.francescochiusolo.Swix-TodoTests";
				PRODUCT_NAME = "$(TARGET_NAME)";
				SWIFT_VERSION = 5.0;
				TARGETED_DEVICE_FAMILY = "1,2";
				TEST_HOST = "$(BUILT_PRODUCTS_DIR)/Swix-Todo.app/Swix-Todo";
			};
			name = Debug;
		};
		406B00C12286021500B93924 /* Release */ = {
			isa = XCBuildConfiguration;
			buildSettings = {
				ALWAYS_EMBED_SWIFT_STANDARD_LIBRARIES = YES;
				BUNDLE_LOADER = "$(TEST_HOST)";
				CODE_SIGN_STYLE = Automatic;
				DEVELOPMENT_TEAM = 4MPX898GZF;
				INFOPLIST_FILE = "Swix-TodoTests/Info.plist";
				LD_RUNPATH_SEARCH_PATHS = (
					"$(inherited)",
					"@executable_path/Frameworks",
					"@loader_path/Frameworks",
				);
				PRODUCT_BUNDLE_IDENTIFIER = "com.francescochiusolo.Swix-TodoTests";
				PRODUCT_NAME = "$(TARGET_NAME)";
				SWIFT_VERSION = 5.0;
				TARGETED_DEVICE_FAMILY = "1,2";
				TEST_HOST = "$(BUILT_PRODUCTS_DIR)/Swix-Todo.app/Swix-Todo";
			};
			name = Release;
		};
/* End XCBuildConfiguration section */

/* Begin XCConfigurationList section */
		406B009A2286021400B93924 /* Build configuration list for PBXProject "Swix-Todo" */ = {
			isa = XCConfigurationList;
			buildConfigurations = (
				406B00BA2286021500B93924 /* Debug */,
				406B00BB2286021500B93924 /* Release */,
			);
			defaultConfigurationIsVisible = 0;
			defaultConfigurationName = Release;
		};
		406B00BC2286021500B93924 /* Build configuration list for PBXNativeTarget "Swix-Todo" */ = {
			isa = XCConfigurationList;
			buildConfigurations = (
				406B00BD2286021500B93924 /* Debug */,
				406B00BE2286021500B93924 /* Release */,
			);
			defaultConfigurationIsVisible = 0;
			defaultConfigurationName = Release;
		};
		406B00BF2286021500B93924 /* Build configuration list for PBXNativeTarget "Swix-TodoTests" */ = {
			isa = XCConfigurationList;
			buildConfigurations = (
				406B00C02286021500B93924 /* Debug */,
				406B00C12286021500B93924 /* Release */,
			);
			defaultConfigurationIsVisible = 0;
			defaultConfigurationName = Release;
		};
/* End XCConfigurationList section */
	};
	rootObject = 406B00972286021400B93924 /* Project object */;
}
